// !$*UTF8*$!
{
	archiveVersion = 1;
	classes = {
	};
	objectVersion = 46;
	objects = {

/* Begin PBXBuildFile section */
		4D4EE39A1F21F2240011EDCD /* JDNetworkCache.m in Sources */ = {isa = PBXBuildFile; fileRef = 4D4EE3941F21F2240011EDCD /* JDNetworkCache.m */; };
		4D4EE39B1F21F2240011EDCD /* JDNetwork.m in Sources */ = {isa = PBXBuildFile; fileRef = 4D4EE3961F21F2240011EDCD /* JDNetwork.m */; };
		4DC747841F20C8E90020A29F /* main.m in Sources */ = {isa = PBXBuildFile; fileRef = 4DC747831F20C8E90020A29F /* main.m */; };
		4DC747871F20C8E90020A29F /* AppDelegate.m in Sources */ = {isa = PBXBuildFile; fileRef = 4DC747861F20C8E90020A29F /* AppDelegate.m */; };
		4DC7478A1F20C8E90020A29F /* ViewController.m in Sources */ = {isa = PBXBuildFile; fileRef = 4DC747891F20C8E90020A29F /* ViewController.m */; };
		4DC7478D1F20C8E90020A29F /* Main.storyboard in Resources */ = {isa = PBXBuildFile; fileRef = 4DC7478B1F20C8E90020A29F /* Main.storyboard */; };
		4DC7478F1F20C8E90020A29F /* Assets.xcassets in Resources */ = {isa = PBXBuildFile; fileRef = 4DC7478E1F20C8E90020A29F /* Assets.xcassets */; };
		4DC747921F20C8E90020A29F /* LaunchScreen.storyboard in Resources */ = {isa = PBXBuildFile; fileRef = 4DC747901F20C8E90020A29F /* LaunchScreen.storyboard */; };
		69C2849A22AA059E009D0EBA /* JDNetworkConfig.m in Sources */ = {isa = PBXBuildFile; fileRef = 69C2849922AA059E009D0EBA /* JDNetworkConfig.m */; };
		69C2849E22AA08EB009D0EBA /* JDNetworkOperation.m in Sources */ = {isa = PBXBuildFile; fileRef = 69C2849D22AA08EB009D0EBA /* JDNetworkOperation.m */; };
		69C284A122AA0E9A009D0EBA /* JDNetworkConfig+Private.m in Sources */ = {isa = PBXBuildFile; fileRef = 69C284A022AA0E9A009D0EBA /* JDNetworkConfig+Private.m */; };
		69C284A622ADEF70009D0EBA /* JDNetwork+myproject.m in Sources */ = {isa = PBXBuildFile; fileRef = 69C284A522ADEF70009D0EBA /* JDNetwork+myproject.m */; };
		FBF81F5230CA5F00BCEFFAC0 /* libPods-JDNetwork.a in Frameworks */ = {isa = PBXBuildFile; fileRef = B949149C9AEE057F8C3FE690 /* libPods-JDNetwork.a */; };
/* End PBXBuildFile section */

/* Begin PBXFileReference section */
		3775C6F5CE231D2214A9B4C4 /* Pods-JDNetwork.debug.xcconfig */ = {isa = PBXFileReference; includeInIndex = 1; lastKnownFileType = text.xcconfig; name = "Pods-JDNetwork.debug.xcconfig"; path = "Pods/Target Support Files/Pods-JDNetwork/Pods-JDNetwork.debug.xcconfig"; sourceTree = "<group>"; };
		4D4EE3931F21F2240011EDCD /* JDNetworkCache.h */ = {isa = PBXFileReference; fileEncoding = 4; lastKnownFileType = sourcecode.c.h; path = JDNetworkCache.h; sourceTree = "<group>"; };
		4D4EE3941F21F2240011EDCD /* JDNetworkCache.m */ = {isa = PBXFileReference; fileEncoding = 4; lastKnownFileType = sourcecode.c.objc; path = JDNetworkCache.m; sourceTree = "<group>"; };
		4D4EE3951F21F2240011EDCD /* JDNetwork.h */ = {isa = PBXFileReference; fileEncoding = 4; lastKnownFileType = sourcecode.c.h; path = JDNetwork.h; sourceTree = "<group>"; };
		4D4EE3961F21F2240011EDCD /* JDNetwork.m */ = {isa = PBXFileReference; fileEncoding = 4; lastKnownFileType = sourcecode.c.objc; path = JDNetwork.m; sourceTree = "<group>"; };
		4DC7477F1F20C8E90020A29F /* JDNetwork.app */ = {isa = PBXFileReference; explicitFileType = wrapper.application; includeInIndex = 0; path = JDNetwork.app; sourceTree = BUILT_PRODUCTS_DIR; };
		4DC747831F20C8E90020A29F /* main.m */ = {isa = PBXFileReference; lastKnownFileType = sourcecode.c.objc; path = main.m; sourceTree = "<group>"; };
		4DC747851F20C8E90020A29F /* AppDelegate.h */ = {isa = PBXFileReference; lastKnownFileType = sourcecode.c.h; path = AppDelegate.h; sourceTree = "<group>"; };
		4DC747861F20C8E90020A29F /* AppDelegate.m */ = {isa = PBXFileReference; lastKnownFileType = sourcecode.c.objc; path = AppDelegate.m; sourceTree = "<group>"; };
		4DC747881F20C8E90020A29F /* ViewController.h */ = {isa = PBXFileReference; lastKnownFileType = sourcecode.c.h; path = ViewController.h; sourceTree = "<group>"; };
		4DC747891F20C8E90020A29F /* ViewController.m */ = {isa = PBXFileReference; lastKnownFileType = sourcecode.c.objc; path = ViewController.m; sourceTree = "<group>"; };
		4DC7478C1F20C8E90020A29F /* Base */ = {isa = PBXFileReference; lastKnownFileType = file.storyboard; name = Base; path = Base.lproj/Main.storyboard; sourceTree = "<group>"; };
		4DC7478E1F20C8E90020A29F /* Assets.xcassets */ = {isa = PBXFileReference; lastKnownFileType = folder.assetcatalog; path = Assets.xcassets; sourceTree = "<group>"; };
		4DC747911F20C8E90020A29F /* Base */ = {isa = PBXFileReference; lastKnownFileType = file.storyboard; name = Base; path = Base.lproj/LaunchScreen.storyboard; sourceTree = "<group>"; };
		4DC747931F20C8E90020A29F /* Info.plist */ = {isa = PBXFileReference; lastKnownFileType = text.plist.xml; path = Info.plist; sourceTree = "<group>"; };
		69C2849822AA059E009D0EBA /* JDNetworkConfig.h */ = {isa = PBXFileReference; lastKnownFileType = sourcecode.c.h; path = JDNetworkConfig.h; sourceTree = "<group>"; };
		69C2849922AA059E009D0EBA /* JDNetworkConfig.m */ = {isa = PBXFileReference; lastKnownFileType = sourcecode.c.objc; path = JDNetworkConfig.m; sourceTree = "<group>"; };
		69C2849C22AA08EB009D0EBA /* JDNetworkOperation.h */ = {isa = PBXFileReference; lastKnownFileType = sourcecode.c.h; path = JDNetworkOperation.h; sourceTree = "<group>"; };
		69C2849D22AA08EB009D0EBA /* JDNetworkOperation.m */ = {isa = PBXFileReference; lastKnownFileType = sourcecode.c.objc; path = JDNetworkOperation.m; sourceTree = "<group>"; };
		69C2849F22AA0E9A009D0EBA /* JDNetworkConfig+Private.h */ = {isa = PBXFileReference; lastKnownFileType = sourcecode.c.h; path = "JDNetworkConfig+Private.h"; sourceTree = "<group>"; };
		69C284A022AA0E9A009D0EBA /* JDNetworkConfig+Private.m */ = {isa = PBXFileReference; lastKnownFileType = sourcecode.c.objc; path = "JDNetworkConfig+Private.m"; sourceTree = "<group>"; };
		69C284A422ADEF70009D0EBA /* JDNetwork+myproject.h */ = {isa = PBXFileReference; lastKnownFileType = sourcecode.c.h; path = "JDNetwork+myproject.h"; sourceTree = "<group>"; };
		69C284A522ADEF70009D0EBA /* JDNetwork+myproject.m */ = {isa = PBXFileReference; lastKnownFileType = sourcecode.c.objc; path = "JDNetwork+myproject.m"; sourceTree = "<group>"; };
		B949149C9AEE057F8C3FE690 /* libPods-JDNetwork.a */ = {isa = PBXFileReference; explicitFileType = archive.ar; includeInIndex = 0; path = "libPods-JDNetwork.a"; sourceTree = BUILT_PRODUCTS_DIR; };
		CF8818AD11420A379C613E3B /* Pods-JDNetwork.release.xcconfig */ = {isa = PBXFileReference; includeInIndex = 1; lastKnownFileType = text.xcconfig; name = "Pods-JDNetwork.release.xcconfig"; path = "Pods/Target Support Files/Pods-JDNetwork/Pods-JDNetwork.release.xcconfig"; sourceTree = "<group>"; };
/* End PBXFileReference section */

/* Begin PBXFrameworksBuildPhase section */
		4DC7477C1F20C8E90020A29F /* Frameworks */ = {
			isa = PBXFrameworksBuildPhase;
			buildActionMask = 2147483647;
			files = (
				FBF81F5230CA5F00BCEFFAC0 /* libPods-JDNetwork.a in Frameworks */,
			);
			runOnlyForDeploymentPostprocessing = 0;
		};
/* End PBXFrameworksBuildPhase section */

/* Begin PBXGroup section */
		4D4EE3901F21F2240011EDCD /* Framework */ = {
			isa = PBXGroup;
			children = (
				69C284A222AA4242009D0EBA /* Cache */,
				69C2849B22AA08D2009D0EBA /* Operation */,
				69C2849722AA0574009D0EBA /* Config */,
				4D4EE3951F21F2240011EDCD /* JDNetwork.h */,
				4D4EE3961F21F2240011EDCD /* JDNetwork.m */,
			);
			path = Framework;
			sourceTree = "<group>";
		};
		4DC747761F20C8E90020A29F = {
			isa = PBXGroup;
			children = (
				4D4EE3901F21F2240011EDCD /* Framework */,
				4DC747811F20C8E90020A29F /* JDNetwork */,
				4DC747801F20C8E90020A29F /* Products */,
				D7B0283802988EEE62131489 /* Pods */,
				7FFAD2F8FBE6ACC2E69B11FA /* Frameworks */,
			);
			sourceTree = "<group>";
		};
		4DC747801F20C8E90020A29F /* Products */ = {
			isa = PBXGroup;
			children = (
				4DC7477F1F20C8E90020A29F /* JDNetwork.app */,
			);
			name = Products;
			sourceTree = "<group>";
		};
		4DC747811F20C8E90020A29F /* JDNetwork */ = {
			isa = PBXGroup;
			children = (
				4DC747851F20C8E90020A29F /* AppDelegate.h */,
				4DC747861F20C8E90020A29F /* AppDelegate.m */,
				4DC747881F20C8E90020A29F /* ViewController.h */,
				4DC747891F20C8E90020A29F /* ViewController.m */,
				4DC7478B1F20C8E90020A29F /* Main.storyboard */,
				4DC7478E1F20C8E90020A29F /* Assets.xcassets */,
				4DC747901F20C8E90020A29F /* LaunchScreen.storyboard */,
				4DC747931F20C8E90020A29F /* Info.plist */,
				4DC747821F20C8E90020A29F /* Supporting Files */,
				69C284A422ADEF70009D0EBA /* JDNetwork+myproject.h */,
				69C284A522ADEF70009D0EBA /* JDNetwork+myproject.m */,
			);
			path = JDNetwork;
			sourceTree = "<group>";
		};
		4DC747821F20C8E90020A29F /* Supporting Files */ = {
			isa = PBXGroup;
			children = (
				4DC747831F20C8E90020A29F /* main.m */,
			);
			name = "Supporting Files";
			sourceTree = "<group>";
		};
		69C2849722AA0574009D0EBA /* Config */ = {
			isa = PBXGroup;
			children = (
				69C2849822AA059E009D0EBA /* JDNetworkConfig.h */,
				69C2849922AA059E009D0EBA /* JDNetworkConfig.m */,
				69C2849F22AA0E9A009D0EBA /* JDNetworkConfig+Private.h */,
				69C284A022AA0E9A009D0EBA /* JDNetworkConfig+Private.m */,
			);
			path = Config;
			sourceTree = "<group>";
		};
		69C2849B22AA08D2009D0EBA /* Operation */ = {
			isa = PBXGroup;
			children = (
				69C2849C22AA08EB009D0EBA /* JDNetworkOperation.h */,
				69C2849D22AA08EB009D0EBA /* JDNetworkOperation.m */,
			);
			path = Operation;
			sourceTree = "<group>";
		};
		69C284A222AA4242009D0EBA /* Cache */ = {
			isa = PBXGroup;
			children = (
				4D4EE3931F21F2240011EDCD /* JDNetworkCache.h */,
				4D4EE3941F21F2240011EDCD /* JDNetworkCache.m */,
			);
			path = Cache;
			sourceTree = "<group>";
		};
		7FFAD2F8FBE6ACC2E69B11FA /* Frameworks */ = {
			isa = PBXGroup;
			children = (
				B949149C9AEE057F8C3FE690 /* libPods-JDNetwork.a */,
			);
			name = Frameworks;
			sourceTree = "<group>";
		};
		D7B0283802988EEE62131489 /* Pods */ = {
			isa = PBXGroup;
			children = (
				3775C6F5CE231D2214A9B4C4 /* Pods-JDNetwork.debug.xcconfig */,
				CF8818AD11420A379C613E3B /* Pods-JDNetwork.release.xcconfig */,
			);
			name = Pods;
			sourceTree = "<group>";
		};
/* End PBXGroup section */

/* Begin PBXNativeTarget section */
		4DC7477E1F20C8E90020A29F /* JDNetwork */ = {
			isa = PBXNativeTarget;
			buildConfigurationList = 4DC747961F20C8E90020A29F /* Build configuration list for PBXNativeTarget "JDNetwork" */;
			buildPhases = (
				EF3B20BAAC1C8BA51ADE9A19 /* [CP] Check Pods Manifest.lock */,
				4DC7477B1F20C8E90020A29F /* Sources */,
				4DC7477C1F20C8E90020A29F /* Frameworks */,
				4DC7477D1F20C8E90020A29F /* Resources */,
				23E66E08939D4FBA16F4CC74 /* [CP] Embed Pods Frameworks */,
				672DA1A6CF4E5958F0B38F5E /* [CP] Copy Pods Resources */,
			);
			buildRules = (
			);
			dependencies = (
			);
			name = JDNetwork;
			productName = JDNetwork;
			productReference = 4DC7477F1F20C8E90020A29F /* JDNetwork.app */;
			productType = "com.apple.product-type.application";
		};
/* End PBXNativeTarget section */

/* Begin PBXProject section */
		4DC747771F20C8E90020A29F /* Project object */ = {
			isa = PBXProject;
			attributes = {
				LastUpgradeCheck = 0830;
				ORGANIZATIONNAME = "王金东";
				TargetAttributes = {
					4DC7477E1F20C8E90020A29F = {
						CreatedOnToolsVersion = 8.3.3;
						ProvisioningStyle = Automatic;
					};
				};
			};
			buildConfigurationList = 4DC7477A1F20C8E90020A29F /* Build configuration list for PBXProject "JDNetwork" */;
			compatibilityVersion = "Xcode 3.2";
			developmentRegion = English;
			hasScannedForEncodings = 0;
			knownRegions = (
				English,
				en,
				Base,
			);
			mainGroup = 4DC747761F20C8E90020A29F;
			productRefGroup = 4DC747801F20C8E90020A29F /* Products */;
			projectDirPath = "";
			projectRoot = "";
			targets = (
				4DC7477E1F20C8E90020A29F /* JDNetwork */,
			);
		};
/* End PBXProject section */

/* Begin PBXResourcesBuildPhase section */
		4DC7477D1F20C8E90020A29F /* Resources */ = {
			isa = PBXResourcesBuildPhase;
			buildActionMask = 2147483647;
			files = (
				4DC747921F20C8E90020A29F /* LaunchScreen.storyboard in Resources */,
				4DC7478F1F20C8E90020A29F /* Assets.xcassets in Resources */,
				4DC7478D1F20C8E90020A29F /* Main.storyboard in Resources */,
			);
			runOnlyForDeploymentPostprocessing = 0;
		};
/* End PBXResourcesBuildPhase section */

/* Begin PBXShellScriptBuildPhase section */
		23E66E08939D4FBA16F4CC74 /* [CP] Embed Pods Frameworks */ = {
			isa = PBXShellScriptBuildPhase;
			buildActionMask = 2147483647;
			files = (
			);
			inputPaths = (
			);
			name = "[CP] Embed Pods Frameworks";
			outputPaths = (
			);
			runOnlyForDeploymentPostprocessing = 0;
			shellPath = /bin/sh;
			shellScript = "\"${SRCROOT}/Pods/Target Support Files/Pods-JDNetwork/Pods-JDNetwork-frameworks.sh\"\n";
			showEnvVarsInLog = 0;
		};
		672DA1A6CF4E5958F0B38F5E /* [CP] Copy Pods Resources */ = {
			isa = PBXShellScriptBuildPhase;
			buildActionMask = 2147483647;
			files = (
			);
			inputPaths = (
			);
			name = "[CP] Copy Pods Resources";
			outputPaths = (
			);
			runOnlyForDeploymentPostprocessing = 0;
			shellPath = /bin/sh;
			shellScript = "\"${SRCROOT}/Pods/Target Support Files/Pods-JDNetwork/Pods-JDNetwork-resources.sh\"\n";
			showEnvVarsInLog = 0;
		};
		EF3B20BAAC1C8BA51ADE9A19 /* [CP] Check Pods Manifest.lock */ = {
			isa = PBXShellScriptBuildPhase;
			buildActionMask = 2147483647;
			files = (
			);
			inputPaths = (
			);
			name = "[CP] Check Pods Manifest.lock";
			outputPaths = (
			);
			runOnlyForDeploymentPostprocessing = 0;
			shellPath = /bin/sh;
			shellScript = "diff \"${PODS_ROOT}/../Podfile.lock\" \"${PODS_ROOT}/Manifest.lock\" > /dev/null\nif [ $? != 0 ] ; then\n    # print error to STDERR\n    echo \"error: The sandbox is not in sync with the Podfile.lock. Run 'pod install' or update your CocoaPods installation.\" >&2\n    exit 1\nfi\n";
			showEnvVarsInLog = 0;
		};
/* End PBXShellScriptBuildPhase section */

/* Begin PBXSourcesBuildPhase section */
		4DC7477B1F20C8E90020A29F /* Sources */ = {
			isa = PBXSourcesBuildPhase;
			buildActionMask = 2147483647;
			files = (
				69C284A122AA0E9A009D0EBA /* JDNetworkConfig+Private.m in Sources */,
				69C284A622ADEF70009D0EBA /* JDNetwork+myproject.m in Sources */,
				4D4EE39A1F21F2240011EDCD /* JDNetworkCache.m in Sources */,
				4DC7478A1F20C8E90020A29F /* ViewController.m in Sources */,
				4DC747871F20C8E90020A29F /* AppDelegate.m in Sources */,
				4D4EE39B1F21F2240011EDCD /* JDNetwork.m in Sources */,
				69C2849A22AA059E009D0EBA /* JDNetworkConfig.m in Sources */,
				69C2849E22AA08EB009D0EBA /* JDNetworkOperation.m in Sources */,
				4DC747841F20C8E90020A29F /* main.m in Sources */,
			);
			runOnlyForDeploymentPostprocessing = 0;
		};
/* End PBXSourcesBuildPhase section */

/* Begin PBXVariantGroup section */
		4DC7478B1F20C8E90020A29F /* Main.storyboard */ = {
			isa = PBXVariantGroup;
			children = (
				4DC7478C1F20C8E90020A29F /* Base */,
			);
			name = Main.storyboard;
			sourceTree = "<group>";
		};
		4DC747901F20C8E90020A29F /* LaunchScreen.storyboard */ = {
			isa = PBXVariantGroup;
			children = (
				4DC747911F20C8E90020A29F /* Base */,
			);
			name = LaunchScreen.storyboard;
			sourceTree = "<group>";
		};
/* End PBXVariantGroup section */

/* Begin XCBuildConfiguration section */
		4DC747941F20C8E90020A29F /* Debug */ = {
			isa = XCBuildConfiguration;
			buildSettings = {
				ALWAYS_SEARCH_USER_PATHS = NO;
				CLANG_ANALYZER_NONNULL = YES;
				CLANG_ANALYZER_NUMBER_OBJECT_CONVERSION = YES_AGGRESSIVE;
				CLANG_CXX_LANGUAGE_STANDARD = "gnu++0x";
				CLANG_CXX_LIBRARY = "libc++";
				CLANG_ENABLE_MODULES = YES;
				CLANG_ENABLE_OBJC_ARC = YES;
				CLANG_WARN_BOOL_CONVERSION = YES;
				CLANG_WARN_CONSTANT_CONVERSION = YES;
				CLANG_WARN_DIRECT_OBJC_ISA_USAGE = YES_ERROR;
				CLANG_WARN_DOCUMENTATION_COMMENTS = YES;
				CLANG_WARN_EMPTY_BODY = YES;
				CLANG_WARN_ENUM_CONVERSION = YES;
				CLANG_WARN_INFINITE_RECURSION = YES;
				CLANG_WARN_INT_CONVERSION = YES;
				CLANG_WARN_OBJC_ROOT_CLASS = YES_ERROR;
				CLANG_WARN_SUSPICIOUS_MOVE = YES;
				CLANG_WARN_UNREACHABLE_CODE = YES;
				CLANG_WARN__DUPLICATE_METHOD_MATCH = YES;
				"CODE_SIGN_IDENTITY[sdk=iphoneos*]" = "iPhone Developer";
				COPY_PHASE_STRIP = NO;
				DEBUG_INFORMATION_FORMAT = dwarf;
				ENABLE_STRICT_OBJC_MSGSEND = YES;
				ENABLE_TESTABILITY = YES;
				GCC_C_LANGUAGE_STANDARD = gnu99;
				GCC_DYNAMIC_NO_PIC = NO;
				GCC_NO_COMMON_BLOCKS = YES;
				GCC_OPTIMIZATION_LEVEL = 0;
				GCC_PREPROCESSOR_DEFINITIONS = (
					"DEBUG=1",
					"$(inherited)",
				);
				GCC_WARN_64_TO_32_BIT_CONVERSION = YES;
				GCC_WARN_ABOUT_RETURN_TYPE = YES_ERROR;
				GCC_WARN_UNDECLARED_SELECTOR = YES;
				GCC_WARN_UNINITIALIZED_AUTOS = YES_AGGRESSIVE;
				GCC_WARN_UNUSED_FUNCTION = YES;
				GCC_WARN_UNUSED_VARIABLE = YES;
				IPHONEOS_DEPLOYMENT_TARGET = 10.3;
				MTL_ENABLE_DEBUG_INFO = YES;
				ONLY_ACTIVE_ARCH = YES;
				SDKROOT = iphoneos;
			};
			name = Debug;
		};
		4DC747951F20C8E90020A29F /* Release */ = {
			isa = XCBuildConfiguration;
			buildSettings = {
				ALWAYS_SEARCH_USER_PATHS = NO;
				CLANG_ANALYZER_NONNULL = YES;
				CLANG_ANALYZER_NUMBER_OBJECT_CONVERSION = YES_AGGRESSIVE;
				CLANG_CXX_LANGUAGE_STANDARD = "gnu++0x";
				CLANG_CXX_LIBRARY = "libc++";
				CLANG_ENABLE_MODULES = YES;
				CLANG_ENABLE_OBJC_ARC = YES;
				CLANG_WARN_BOOL_CONVERSION = YES;
				CLANG_WARN_CONSTANT_CONVERSION = YES;
				CLANG_WARN_DIRECT_OBJC_ISA_USAGE = YES_ERROR;
				CLANG_WARN_DOCUMENTATION_COMMENTS = YES;
				CLANG_WARN_EMPTY_BODY = YES;
				CLANG_WARN_ENUM_CONVERSION = YES;
				CLANG_WARN_INFINITE_RECURSION = YES;
				CLANG_WARN_INT_CONVERSION = YES;
				CLANG_WARN_OBJC_ROOT_CLASS = YES_ERROR;
				CLANG_WARN_SUSPICIOUS_MOVE = YES;
				CLANG_WARN_UNREACHABLE_CODE = YES;
				CLANG_WARN__DUPLICATE_METHOD_MATCH = YES;
				"CODE_SIGN_IDENTITY[sdk=iphoneos*]" = "iPhone Developer";
				COPY_PHASE_STRIP = NO;
				DEBUG_INFORMATION_FORMAT = "dwarf-with-dsym";
				ENABLE_NS_ASSERTIONS = NO;
				ENABLE_STRICT_OBJC_MSGSEND = YES;
				GCC_C_LANGUAGE_STANDARD = gnu99;
				GCC_NO_COMMON_BLOCKS = YES;
				GCC_WARN_64_TO_32_BIT_CONVERSION = YES;
				GCC_WARN_ABOUT_RETURN_TYPE = YES_ERROR;
				GCC_WARN_UNDECLARED_SELECTOR = YES;
				GCC_WARN_UNINITIALIZED_AUTOS = YES_AGGRESSIVE;
				GCC_WARN_UNUSED_FUNCTION = YES;
				GCC_WARN_UNUSED_VARIABLE = YES;
				IPHONEOS_DEPLOYMENT_TARGET = 10.3;
				MTL_ENABLE_DEBUG_INFO = NO;
				SDKROOT = iphoneos;
				VALIDATE_PRODUCT = YES;
			};
			name = Release;
		};
		4DC747971F20C8E90020A29F /* Debug */ = {
			isa = XCBuildConfiguration;
			baseConfigurationReference = 3775C6F5CE231D2214A9B4C4 /* Pods-JDNetwork.debug.xcconfig */;
			buildSettings = {
				ASSETCATALOG_COMPILER_APPICON_NAME = AppIcon;
				INFOPLIST_FILE = JDNetwork/Info.plist;
				LD_RUNPATH_SEARCH_PATHS = "$(inherited) @executable_path/Frameworks";
				PRODUCT_BUNDLE_IDENTIFIER = com.jd.JDNetwork;
				PRODUCT_NAME = "$(TARGET_NAME)";
			};
			name = Debug;
		};
		4DC747981F20C8E90020A29F /* Release */ = {
			isa = XCBuildConfiguration;
			baseConfigurationReference = CF8818AD11420A379C613E3B /* Pods-JDNetwork.release.xcconfig */;
			buildSettings = {
				ASSETCATALOG_COMPILER_APPICON_NAME = AppIcon;
				INFOPLIST_FILE = JDNetwork/Info.plist;
				LD_RUNPATH_SEARCH_PATHS = "$(inherited) @executable_path/Frameworks";
				PRODUCT_BUNDLE_IDENTIFIER = com.jd.JDNetwork;
				PRODUCT_NAME = "$(TARGET_NAME)";
			};
			name = Release;
		};
/* End XCBuildConfiguration section */

/* Begin XCConfigurationList section */
		4DC7477A1F20C8E90020A29F /* Build configuration list for PBXProject "JDNetwork" */ = {
			isa = XCConfigurationList;
			buildConfigurations = (
				4DC747941F20C8E90020A29F /* Debug */,
				4DC747951F20C8E90020A29F /* Release */,
			);
			defaultConfigurationIsVisible = 0;
			defaultConfigurationName = Release;
		};
		4DC747961F20C8E90020A29F /* Build configuration list for PBXNativeTarget "JDNetwork" */ = {
			isa = XCConfigurationList;
			buildConfigurations = (
				4DC747971F20C8E90020A29F /* Debug */,
				4DC747981F20C8E90020A29F /* Release */,
			);
			defaultConfigurationIsVisible = 0;
			defaultConfigurationName = Release;
		};
/* End XCConfigurationList section */
	};
	rootObject = 4DC747771F20C8E90020A29F /* Project object */;
}
